
Microsoft Visual Studio Solution File, Format Version 12.00
# Visual Studio 15
VisualStudioVersion = 15.0.28307.902
MinimumVisualStudioVersion = 10.0.40219.1
Project("{FAE04EC0-301F-11D3-BF4B-00C04F79EFBC}") = "ECommerce.Web", "ECommerce.Web\ECommerce.Web.csproj", "{3DF74408-38B5-4629-A347-51CCE97C6B2C}"
EndProject
Project("{FAE04EC0-301F-11D3-BF4B-00C04F79EFBC}") = "ECommerce.BusinessEntities", "ECommerce.BusinessEntities\ECommerce.BusinessEntities.csproj", "{F972B78A-8B32-4072-8E9A-A92F46B7D34C}"
EndProject
Project("{FAE04EC0-301F-11D3-BF4B-00C04F79EFBC}") = "ECommerce.BusinessLogics", "ECommerce.BusinessLogics\ECommerce.BusinessLogics.csproj", "{F35729E0-1244-4101-932C-EC3DED04EC25}"
EndProject
Project("{FAE04EC0-301F-11D3-BF4B-00C04F79EFBC}") = "ECommerce.DataEntities", "ECommerce.DataEntities\ECommerce.DataEntities.csproj", "{808DACA5-30D8-455F-8A5D-1DF00D44A9FF}"
EndProject
Project("{FAE04EC0-301F-11D3-BF4B-00C04F79EFBC}") = "ECommerce.DataAccess", "ECommerce.DataAccess\ECommerce.DataAccess.csproj", "{C46F6CEB-59CD-470B-B3C8-D68234A27978}"
EndProject
Global
	GlobalSection(SolutionConfigurationPlatforms) = preSolution
		Debug|Any CPU = Debug|Any CPU
		Release|Any CPU = Release|Any CPU
	EndGlobalSection
	GlobalSection(ProjectConfigurationPlatforms) = postSolution
		{3DF74408-38B5-4629-A347-51CCE97C6B2C}.Debug|Any CPU.ActiveCfg = Debug|Any CPU
		{3DF74408-38B5-4629-A347-51CCE97C6B2C}.Debug|Any CPU.Build.0 = Debug|Any CPU
		{3DF74408-38B5-4629-A347-51CCE97C6B2C}.Release|Any CPU.ActiveCfg = Release|Any CPU
		{3DF74408-38B5-4629-A347-51CCE97C6B2C}.Release|Any CPU.Build.0 = Release|Any CPU
		{F972B78A-8B32-4072-8E9A-A92F46B7D34C}.Debug|Any CPU.ActiveCfg = Debug|Any CPU
		{F972B78A-8B32-4072-8E9A-A92F46B7D34C}.Debug|Any CPU.Build.0 = Debug|Any CPU
		{F972B78A-8B32-4072-8E9A-A92F46B7D34C}.Release|Any CPU.ActiveCfg = Release|Any CPU
		{F972B78A-8B32-4072-8E9A-A92F46B7D34C}.Release|Any CPU.Build.0 = Release|Any CPU
		{F35729E0-1244-4101-932C-EC3DED04EC25}.Debug|Any CPU.ActiveCfg = Debug|Any CPU
		{F35729E0-1244-4101-932C-EC3DED04EC25}.Debug|Any CPU.Build.0 = Debug|Any CPU
		{F35729E0-1244-4101-932C-EC3DED04EC25}.Release|Any CPU.ActiveCfg = Release|Any CPU
		{F35729E0-1244-4101-932C-EC3DED04EC25}.Release|Any CPU.Build.0 = Release|Any CPU
		{808DACA5-30D8-455F-8A5D-1DF00D44A9FF}.Debug|Any CPU.ActiveCfg = Debug|Any CPU
		{808DACA5-30D8-455F-8A5D-1DF00D44A9FF}.Debug|Any CPU.Build.0 = Debug|Any CPU
		{808DACA5-30D8-455F-8A5D-1DF00D44A9FF}.Release|Any CPU.ActiveCfg = Release|Any CPU
		{808DACA5-30D8-455F-8A5D-1DF00D44A9FF}.Release|Any CPU.Build.0 = Release|Any CPU
		{C46F6CEB-59CD-470B-B3C8-D68234A27978}.Debug|Any CPU.ActiveCfg = Debug|Any CPU
		{C46F6CEB-59CD-470B-B3C8-D68234A27978}.Debug|Any CPU.Build.0 = Debug|Any CPU
		{C46F6CEB-59CD-470B-B3C8-D68234A27978}.Release|Any CPU.ActiveCfg = Release|Any CPU
		{C46F6CEB-59CD-470B-B3C8-D68234A27978}.Release|Any CPU.Build.0 = Release|Any CPU
	EndGlobalSection
	GlobalSection(SolutionProperties) = preSolution
		HideSolutionNode = FALSE
	EndGlobalSection
	GlobalSection(ExtensibilityGlobals) = postSolution
		SolutionGuid = {331EFF49-73B7-49C3-B7C7-337C73B31450}
	EndGlobalSection
EndGlobal
